
Microsoft Visual Studio Solution File, Format Version 12.00
# Visual Studio Version 17
VisualStudioVersion = 17.7.34024.191
MinimumVisualStudioVersion = 10.0.40219.1
Project("{FAE04EC0-301F-11D3-BF4B-00C04F79EFBC}") = "VS Project Assignment", "VS Project Assignment\VS Project Assignment.csproj", "{53A8F6AC-EB75-4955-861A-3C4AF17E61E2}"
EndProject
Global
	GlobalSection(SolutionConfigurationPlatforms) = preSolution
		Debug|Any CPU = Debug|Any CPU
		Release|Any CPU = Release|Any CPU
	EndGlobalSection
	GlobalSection(ProjectConfigurationPlatforms) = postSolution
		{53A8F6AC-EB75-4955-861A-3C4AF17E61E2}.Debug|Any CPU.ActiveCfg = Debug|Any CPU
		{53A8F6AC-EB75-4955-861A-3C4AF17E61E2}.Debug|Any CPU.Build.0 = Debug|Any CPU
		{53A8F6AC-EB75-4955-861A-3C4AF17E61E2}.Release|Any CPU.ActiveCfg = Release|Any CPU
		{53A8F6AC-EB75-4955-861A-3C4AF17E61E2}.Release|Any CPU.Build.0 = Release|Any CPU
	EndGlobalSection
	GlobalSection(SolutionProperties) = preSolution
		HideSolutionNode = FALSE
	EndGlobalSection
	GlobalSection(ExtensibilityGlobals) = postSolution
		SolutionGuid = {66DB4D09-565E-4696-86F2-2BC6C113768F}
	EndGlobalSection
EndGlobal
